
Microsoft Visual Studio Solution File, Format Version 12.00
# Visual Studio Version 16
VisualStudioVersion = 16.0.31205.134
MinimumVisualStudioVersion = 10.0.40219.1
Project("{9A19103F-16F7-4668-BE54-9A1E7A4F7556}") = "RhubarbEngine", "RhubarbEngine\RhubarbEngine.csproj", "{A5B00FE8-70D0-4C32-9FF9-686A386B89F3}"
EndProject
Project("{2150E333-8FDC-42A3-9474-1A3956D46DE8}") = "Core", "Core", "{38278926-B381-4580-8033-70BE859F5481}"
EndProject
Project("{2150E333-8FDC-42A3-9474-1A3956D46DE8}") = "Builds", "Builds", "{B5C671C4-3FC1-4A69-BD77-0AAA5F37C7A9}"
EndProject
Project("{9A19103F-16F7-4668-BE54-9A1E7A4F7556}") = "RhubarbVR", "RhubarbVR\RhubarbVR.csproj", "{9C5E2578-5743-41AF-89C8-C5FB1CE05905}"
EndProject
Project("{9A19103F-16F7-4668-BE54-9A1E7A4F7556}") = "RhubarbCloudApi", "RhubarbCloudApi\RhubarbCloudApi.csproj", "{D0BFB272-911F-4F90-A244-83378F442D6F}"
EndProject
Project("{9A19103F-16F7-4668-BE54-9A1E7A4F7556}") = "Numerics", "Numerics\Numerics.csproj", "{3C27100D-922C-4B1F-BF3B-E570868BE68B}"
EndProject
Project("{9A19103F-16F7-4668-BE54-9A1E7A4F7556}") = "RhubarbEngineTests", "RhubarbEngineTests\RhubarbEngineTests.csproj", "{C510B8A7-51D8-4DCB-9E72-6A657FCA1A82}"
EndProject
Project("{9A19103F-16F7-4668-BE54-9A1E7A4F7556}") = "VeldridImGui", "ImguiVeldrid\VeldridImGui.csproj", "{A6C37EA1-AAE8-4112-8526-BBACE0D756E7}"
EndProject
Project("{2150E333-8FDC-42A3-9474-1A3956D46DE8}") = "Libs", "Libs", "{CAA07545-6019-40E2-9B91-C452BA7C626B}"
EndProject
Project("{9A19103F-16F7-4668-BE54-9A1E7A4F7556}") = "SteamAudio.NET", "SteamAudio.NET\SteamAudio.NET.csproj", "{86F5B8A7-3454-403D-BF33-650DC8E4AB30}"
EndProject
Global
	GlobalSection(SolutionConfigurationPlatforms) = preSolution
		Debug|Any CPU = Debug|Any CPU
		Release|Any CPU = Release|Any CPU
	EndGlobalSection
	GlobalSection(ProjectConfigurationPlatforms) = postSolution
		{A5B00FE8-70D0-4C32-9FF9-686A386B89F3}.Debug|Any CPU.ActiveCfg = Debug|Any CPU
		{A5B00FE8-70D0-4C32-9FF9-686A386B89F3}.Debug|Any CPU.Build.0 = Debug|Any CPU
		{A5B00FE8-70D0-4C32-9FF9-686A386B89F3}.Release|Any CPU.ActiveCfg = Release|Any CPU
		{A5B00FE8-70D0-4C32-9FF9-686A386B89F3}.Release|Any CPU.Build.0 = Release|Any CPU
		{9C5E2578-5743-41AF-89C8-C5FB1CE05905}.Debug|Any CPU.ActiveCfg = Debug|Any CPU
		{9C5E2578-5743-41AF-89C8-C5FB1CE05905}.Debug|Any CPU.Build.0 = Debug|Any CPU
		{9C5E2578-5743-41AF-89C8-C5FB1CE05905}.Release|Any CPU.ActiveCfg = Release|Any CPU
		{9C5E2578-5743-41AF-89C8-C5FB1CE05905}.Release|Any CPU.Build.0 = Release|Any CPU
		{D0BFB272-911F-4F90-A244-83378F442D6F}.Debug|Any CPU.ActiveCfg = Debug|Any CPU
		{D0BFB272-911F-4F90-A244-83378F442D6F}.Debug|Any CPU.Build.0 = Debug|Any CPU
		{D0BFB272-911F-4F90-A244-83378F442D6F}.Release|Any CPU.ActiveCfg = Release|Any CPU
		{D0BFB272-911F-4F90-A244-83378F442D6F}.Release|Any CPU.Build.0 = Release|Any CPU
		{3C27100D-922C-4B1F-BF3B-E570868BE68B}.Debug|Any CPU.ActiveCfg = Debug|Any CPU
		{3C27100D-922C-4B1F-BF3B-E570868BE68B}.Debug|Any CPU.Build.0 = Debug|Any CPU
		{3C27100D-922C-4B1F-BF3B-E570868BE68B}.Release|Any CPU.ActiveCfg = Release|Any CPU
		{3C27100D-922C-4B1F-BF3B-E570868BE68B}.Release|Any CPU.Build.0 = Release|Any CPU
		{C510B8A7-51D8-4DCB-9E72-6A657FCA1A82}.Debug|Any CPU.ActiveCfg = Debug|Any CPU
		{C510B8A7-51D8-4DCB-9E72-6A657FCA1A82}.Debug|Any CPU.Build.0 = Debug|Any CPU
		{C510B8A7-51D8-4DCB-9E72-6A657FCA1A82}.Release|Any CPU.ActiveCfg = Release|Any CPU
		{C510B8A7-51D8-4DCB-9E72-6A657FCA1A82}.Release|Any CPU.Build.0 = Release|Any CPU
		{A6C37EA1-AAE8-4112-8526-BBACE0D756E7}.Debug|Any CPU.ActiveCfg = Debug|Any CPU
		{A6C37EA1-AAE8-4112-8526-BBACE0D756E7}.Debug|Any CPU.Build.0 = Debug|Any CPU
		{A6C37EA1-AAE8-4112-8526-BBACE0D756E7}.Release|Any CPU.ActiveCfg = Release|Any CPU
		{A6C37EA1-AAE8-4112-8526-BBACE0D756E7}.Release|Any CPU.Build.0 = Release|Any CPU
		{86F5B8A7-3454-403D-BF33-650DC8E4AB30}.Debug|Any CPU.ActiveCfg = Debug|Any CPU
		{86F5B8A7-3454-403D-BF33-650DC8E4AB30}.Debug|Any CPU.Build.0 = Debug|Any CPU
		{86F5B8A7-3454-403D-BF33-650DC8E4AB30}.Release|Any CPU.ActiveCfg = Release|Any CPU
		{86F5B8A7-3454-403D-BF33-650DC8E4AB30}.Release|Any CPU.Build.0 = Release|Any CPU
	EndGlobalSection
	GlobalSection(SolutionProperties) = preSolution
		HideSolutionNode = FALSE
	EndGlobalSection
	GlobalSection(NestedProjects) = preSolution
		{A5B00FE8-70D0-4C32-9FF9-686A386B89F3} = {38278926-B381-4580-8033-70BE859F5481}
		{9C5E2578-5743-41AF-89C8-C5FB1CE05905} = {B5C671C4-3FC1-4A69-BD77-0AAA5F37C7A9}
		{D0BFB272-911F-4F90-A244-83378F442D6F} = {38278926-B381-4580-8033-70BE859F5481}
		{3C27100D-922C-4B1F-BF3B-E570868BE68B} = {38278926-B381-4580-8033-70BE859F5481}
		{A6C37EA1-AAE8-4112-8526-BBACE0D756E7} = {38278926-B381-4580-8033-70BE859F5481}
		{86F5B8A7-3454-403D-BF33-650DC8E4AB30} = {CAA07545-6019-40E2-9B91-C452BA7C626B}
	EndGlobalSection
	GlobalSection(ExtensibilityGlobals) = postSolution
		SolutionGuid = {BE7279B2-ACCA-439E-AE76-42519D5F459D}
	EndGlobalSection
EndGlobal
