
Microsoft Visual Studio Solution File, Format Version 12.00
# Visual Studio Version 16
VisualStudioVersion = 16.0.31205.134
MinimumVisualStudioVersion = 10.0.40219.1
Project("{9A19103F-16F7-4668-BE54-9A1E7A4F7556}") = "RhubarbEngine", "RhubarbEngine\RhubarbEngine.csproj", "{A5B00FE8-70D0-4C32-9FF9-686A386B89F3}"
EndProject
Project("{2150E333-8FDC-42A3-9474-1A3956D46DE8}") = "Core", "Core", "{38278926-B381-4580-8033-70BE859F5481}"
EndProject
Project("{2150E333-8FDC-42A3-9474-1A3956D46DE8}") = "Builds", "Builds", "{B5C671C4-3FC1-4A69-BD77-0AAA5F37C7A9}"
EndProject
Project("{9A19103F-16F7-4668-BE54-9A1E7A4F7556}") = "RhubarbVR", "RhubarbVR\RhubarbVR.csproj", "{9C5E2578-5743-41AF-89C8-C5FB1CE05905}"
EndProject
Project("{9A19103F-16F7-4668-BE54-9A1E7A4F7556}") = "Numerics", "Numerics\Numerics.csproj", "{3C27100D-922C-4B1F-BF3B-E570868BE68B}"
EndProject
Project("{9A19103F-16F7-4668-BE54-9A1E7A4F7556}") = "RhubarbEngineTests", "RhubarbEngineTests\RhubarbEngineTests.csproj", "{C510B8A7-51D8-4DCB-9E72-6A657FCA1A82}"
EndProject
Project("{9A19103F-16F7-4668-BE54-9A1E7A4F7556}") = "VeldridImGui", "ImguiVeldrid\VeldridImGui.csproj", "{A6C37EA1-AAE8-4112-8526-BBACE0D756E7}"
EndProject
Project("{2150E333-8FDC-42A3-9474-1A3956D46DE8}") = "Libs", "Libs", "{CAA07545-6019-40E2-9B91-C452BA7C626B}"
EndProject
Project("{9A19103F-16F7-4668-BE54-9A1E7A4F7556}") = "SteamAudio.NET", "SteamAudio.NET\SteamAudio.NET.csproj", "{86F5B8A7-3454-403D-BF33-650DC8E4AB30}"
EndProject
Project("{9A19103F-16F7-4668-BE54-9A1E7A4F7556}") = "CodeGenerator", "CodeGenerator\CodeGenerator.csproj", "{10C99378-E65C-4D5E-B01A-52C861F623E4}"
EndProject
Project("{9A19103F-16F7-4668-BE54-9A1E7A4F7556}") = "RhubarbVRLauncher", "RhubarbVRLauncher\RhubarbVRLauncher.csproj", "{78985355-BC6E-4408-88D0-3639CCD01850}"
EndProject
Project("{2150E333-8FDC-42A3-9474-1A3956D46DE8}") = "Veldrid", "Veldrid", "{3D5B82CF-0D59-4E8C-B16B-FB6E4D1034B9}"
EndProject
Project("{9A19103F-16F7-4668-BE54-9A1E7A4F7556}") = "Veldrid", "veldrid\src\Veldrid\Veldrid.csproj", "{09346296-72C3-4BB1-AA67-A8CBA77C5A17}"
EndProject
Project("{9A19103F-16F7-4668-BE54-9A1E7A4F7556}") = "Veldrid.SDL2", "veldrid\src\Veldrid.SDL2\Veldrid.SDL2.csproj", "{40A631DB-E678-4AE4-B45D-DEFEE3CCE11D}"
EndProject
Project("{9A19103F-16F7-4668-BE54-9A1E7A4F7556}") = "Veldrid.ImageSharp", "veldrid\src\Veldrid.ImageSharp\Veldrid.ImageSharp.csproj", "{DB6E01F4-0C59-4D63-888A-F36C9223F6C6}"
EndProject
Project("{9A19103F-16F7-4668-BE54-9A1E7A4F7556}") = "Veldrid.MetalBindings", "veldrid\src\Veldrid.MetalBindings\Veldrid.MetalBindings.csproj", "{2ACC776F-D8D3-400D-9393-308C83AD6EA3}"
EndProject
Project("{9A19103F-16F7-4668-BE54-9A1E7A4F7556}") = "Veldrid.OpenGLBindings", "veldrid\src\Veldrid.OpenGLBindings\Veldrid.OpenGLBindings.csproj", "{0DD5A9B8-EAA3-4602-B2B8-8540AED017BF}"
EndProject
Project("{9A19103F-16F7-4668-BE54-9A1E7A4F7556}") = "Veldrid.StartupUtilities", "veldrid\src\Veldrid.StartupUtilities\Veldrid.StartupUtilities.csproj", "{87BEF41F-EF3D-46F5-9539-124C66CCF107}"
EndProject
Project("{9A19103F-16F7-4668-BE54-9A1E7A4F7556}") = "Veldrid.Utilities", "veldrid\src\Veldrid.Utilities\Veldrid.Utilities.csproj", "{78823E44-FC98-4EAF-8F39-E4A94DA4AAFE}"
EndProject
Project("{2150E333-8FDC-42A3-9474-1A3956D46DE8}") = "Solution Items", "Solution Items", "{E6144730-818F-4B6C-B438-E4ED505EFF72}"
	ProjectSection(SolutionItems) = preProject
		.editorconfig = .editorconfig
		.gitignore = .gitignore
		.gitmodules = .gitmodules
		LICENSE = LICENSE
		README.md = README.md
	EndProjectSection
EndProject
Global
	GlobalSection(SolutionConfigurationPlatforms) = preSolution
		Debug|Any CPU = Debug|Any CPU
		Debug|x64 = Debug|x64
		Debug|x86 = Debug|x86
		Release|Any CPU = Release|Any CPU
		Release|x64 = Release|x64
		Release|x86 = Release|x86
	EndGlobalSection
	GlobalSection(ProjectConfigurationPlatforms) = postSolution
		{A5B00FE8-70D0-4C32-9FF9-686A386B89F3}.Debug|Any CPU.ActiveCfg = Debug|Any CPU
		{A5B00FE8-70D0-4C32-9FF9-686A386B89F3}.Debug|Any CPU.Build.0 = Debug|Any CPU
		{A5B00FE8-70D0-4C32-9FF9-686A386B89F3}.Debug|x64.ActiveCfg = Debug|x64
		{A5B00FE8-70D0-4C32-9FF9-686A386B89F3}.Debug|x64.Build.0 = Debug|x64
		{A5B00FE8-70D0-4C32-9FF9-686A386B89F3}.Debug|x86.ActiveCfg = Debug|x86
		{A5B00FE8-70D0-4C32-9FF9-686A386B89F3}.Debug|x86.Build.0 = Debug|x86
		{A5B00FE8-70D0-4C32-9FF9-686A386B89F3}.Release|Any CPU.ActiveCfg = Release|Any CPU
		{A5B00FE8-70D0-4C32-9FF9-686A386B89F3}.Release|Any CPU.Build.0 = Release|Any CPU
		{A5B00FE8-70D0-4C32-9FF9-686A386B89F3}.Release|x64.ActiveCfg = Release|x64
		{A5B00FE8-70D0-4C32-9FF9-686A386B89F3}.Release|x64.Build.0 = Release|x64
		{A5B00FE8-70D0-4C32-9FF9-686A386B89F3}.Release|x86.ActiveCfg = Release|x86
		{A5B00FE8-70D0-4C32-9FF9-686A386B89F3}.Release|x86.Build.0 = Release|x86
		{9C5E2578-5743-41AF-89C8-C5FB1CE05905}.Debug|Any CPU.ActiveCfg = Debug|Any CPU
		{9C5E2578-5743-41AF-89C8-C5FB1CE05905}.Debug|Any CPU.Build.0 = Debug|Any CPU
		{9C5E2578-5743-41AF-89C8-C5FB1CE05905}.Debug|x64.ActiveCfg = Debug|x64
		{9C5E2578-5743-41AF-89C8-C5FB1CE05905}.Debug|x64.Build.0 = Debug|x64
		{9C5E2578-5743-41AF-89C8-C5FB1CE05905}.Debug|x86.ActiveCfg = Debug|x86
		{9C5E2578-5743-41AF-89C8-C5FB1CE05905}.Debug|x86.Build.0 = Debug|x86
		{9C5E2578-5743-41AF-89C8-C5FB1CE05905}.Release|Any CPU.ActiveCfg = Release|Any CPU
		{9C5E2578-5743-41AF-89C8-C5FB1CE05905}.Release|Any CPU.Build.0 = Release|Any CPU
		{9C5E2578-5743-41AF-89C8-C5FB1CE05905}.Release|x64.ActiveCfg = Release|x64
		{9C5E2578-5743-41AF-89C8-C5FB1CE05905}.Release|x64.Build.0 = Release|x64
		{9C5E2578-5743-41AF-89C8-C5FB1CE05905}.Release|x86.ActiveCfg = Release|x86
		{9C5E2578-5743-41AF-89C8-C5FB1CE05905}.Release|x86.Build.0 = Release|x86
		{3C27100D-922C-4B1F-BF3B-E570868BE68B}.Debug|Any CPU.ActiveCfg = Debug|Any CPU
		{3C27100D-922C-4B1F-BF3B-E570868BE68B}.Debug|Any CPU.Build.0 = Debug|Any CPU
		{3C27100D-922C-4B1F-BF3B-E570868BE68B}.Debug|x64.ActiveCfg = Debug|x64
		{3C27100D-922C-4B1F-BF3B-E570868BE68B}.Debug|x64.Build.0 = Debug|x64
		{3C27100D-922C-4B1F-BF3B-E570868BE68B}.Debug|x86.ActiveCfg = Debug|x86
		{3C27100D-922C-4B1F-BF3B-E570868BE68B}.Debug|x86.Build.0 = Debug|x86
		{3C27100D-922C-4B1F-BF3B-E570868BE68B}.Release|Any CPU.ActiveCfg = Release|Any CPU
		{3C27100D-922C-4B1F-BF3B-E570868BE68B}.Release|Any CPU.Build.0 = Release|Any CPU
		{3C27100D-922C-4B1F-BF3B-E570868BE68B}.Release|x64.ActiveCfg = Release|x64
		{3C27100D-922C-4B1F-BF3B-E570868BE68B}.Release|x64.Build.0 = Release|x64
		{3C27100D-922C-4B1F-BF3B-E570868BE68B}.Release|x86.ActiveCfg = Release|x86
		{3C27100D-922C-4B1F-BF3B-E570868BE68B}.Release|x86.Build.0 = Release|x86
		{C510B8A7-51D8-4DCB-9E72-6A657FCA1A82}.Debug|Any CPU.ActiveCfg = Debug|Any CPU
		{C510B8A7-51D8-4DCB-9E72-6A657FCA1A82}.Debug|Any CPU.Build.0 = Debug|Any CPU
		{C510B8A7-51D8-4DCB-9E72-6A657FCA1A82}.Debug|x64.ActiveCfg = Debug|x64
		{C510B8A7-51D8-4DCB-9E72-6A657FCA1A82}.Debug|x64.Build.0 = Debug|x64
		{C510B8A7-51D8-4DCB-9E72-6A657FCA1A82}.Debug|x86.ActiveCfg = Debug|x86
		{C510B8A7-51D8-4DCB-9E72-6A657FCA1A82}.Debug|x86.Build.0 = Debug|x86
		{C510B8A7-51D8-4DCB-9E72-6A657FCA1A82}.Release|Any CPU.ActiveCfg = Release|Any CPU
		{C510B8A7-51D8-4DCB-9E72-6A657FCA1A82}.Release|Any CPU.Build.0 = Release|Any CPU
		{C510B8A7-51D8-4DCB-9E72-6A657FCA1A82}.Release|x64.ActiveCfg = Release|x64
		{C510B8A7-51D8-4DCB-9E72-6A657FCA1A82}.Release|x64.Build.0 = Release|x64
		{C510B8A7-51D8-4DCB-9E72-6A657FCA1A82}.Release|x86.ActiveCfg = Release|x86
		{C510B8A7-51D8-4DCB-9E72-6A657FCA1A82}.Release|x86.Build.0 = Release|x86
		{A6C37EA1-AAE8-4112-8526-BBACE0D756E7}.Debug|Any CPU.ActiveCfg = Debug|Any CPU
		{A6C37EA1-AAE8-4112-8526-BBACE0D756E7}.Debug|Any CPU.Build.0 = Debug|Any CPU
		{A6C37EA1-AAE8-4112-8526-BBACE0D756E7}.Debug|x64.ActiveCfg = Debug|x64
		{A6C37EA1-AAE8-4112-8526-BBACE0D756E7}.Debug|x64.Build.0 = Debug|x64
		{A6C37EA1-AAE8-4112-8526-BBACE0D756E7}.Debug|x86.ActiveCfg = Debug|x86
		{A6C37EA1-AAE8-4112-8526-BBACE0D756E7}.Debug|x86.Build.0 = Debug|x86
		{A6C37EA1-AAE8-4112-8526-BBACE0D756E7}.Release|Any CPU.ActiveCfg = Release|Any CPU
		{A6C37EA1-AAE8-4112-8526-BBACE0D756E7}.Release|Any CPU.Build.0 = Release|Any CPU
		{A6C37EA1-AAE8-4112-8526-BBACE0D756E7}.Release|x64.ActiveCfg = Release|x64
		{A6C37EA1-AAE8-4112-8526-BBACE0D756E7}.Release|x64.Build.0 = Release|x64
		{A6C37EA1-AAE8-4112-8526-BBACE0D756E7}.Release|x86.ActiveCfg = Release|x86
		{A6C37EA1-AAE8-4112-8526-BBACE0D756E7}.Release|x86.Build.0 = Release|x86
		{86F5B8A7-3454-403D-BF33-650DC8E4AB30}.Debug|Any CPU.ActiveCfg = Debug|Any CPU
		{86F5B8A7-3454-403D-BF33-650DC8E4AB30}.Debug|Any CPU.Build.0 = Debug|Any CPU
		{86F5B8A7-3454-403D-BF33-650DC8E4AB30}.Debug|x64.ActiveCfg = Debug|x64
		{86F5B8A7-3454-403D-BF33-650DC8E4AB30}.Debug|x64.Build.0 = Debug|x64
		{86F5B8A7-3454-403D-BF33-650DC8E4AB30}.Debug|x86.ActiveCfg = Debug|x86
		{86F5B8A7-3454-403D-BF33-650DC8E4AB30}.Debug|x86.Build.0 = Debug|x86
		{86F5B8A7-3454-403D-BF33-650DC8E4AB30}.Release|Any CPU.ActiveCfg = Release|Any CPU
		{86F5B8A7-3454-403D-BF33-650DC8E4AB30}.Release|Any CPU.Build.0 = Release|Any CPU
		{86F5B8A7-3454-403D-BF33-650DC8E4AB30}.Release|x64.ActiveCfg = Release|x64
		{86F5B8A7-3454-403D-BF33-650DC8E4AB30}.Release|x64.Build.0 = Release|x64
		{86F5B8A7-3454-403D-BF33-650DC8E4AB30}.Release|x86.ActiveCfg = Release|x86
		{86F5B8A7-3454-403D-BF33-650DC8E4AB30}.Release|x86.Build.0 = Release|x86
		{10C99378-E65C-4D5E-B01A-52C861F623E4}.Debug|Any CPU.ActiveCfg = Debug|Any CPU
		{10C99378-E65C-4D5E-B01A-52C861F623E4}.Debug|Any CPU.Build.0 = Debug|Any CPU
		{10C99378-E65C-4D5E-B01A-52C861F623E4}.Debug|x64.ActiveCfg = Debug|Any CPU
		{10C99378-E65C-4D5E-B01A-52C861F623E4}.Debug|x64.Build.0 = Debug|Any CPU
		{10C99378-E65C-4D5E-B01A-52C861F623E4}.Debug|x86.ActiveCfg = Debug|Any CPU
		{10C99378-E65C-4D5E-B01A-52C861F623E4}.Debug|x86.Build.0 = Debug|Any CPU
		{10C99378-E65C-4D5E-B01A-52C861F623E4}.Release|Any CPU.ActiveCfg = Release|Any CPU
		{10C99378-E65C-4D5E-B01A-52C861F623E4}.Release|Any CPU.Build.0 = Release|Any CPU
		{10C99378-E65C-4D5E-B01A-52C861F623E4}.Release|x64.ActiveCfg = Release|Any CPU
		{10C99378-E65C-4D5E-B01A-52C861F623E4}.Release|x64.Build.0 = Release|Any CPU
		{10C99378-E65C-4D5E-B01A-52C861F623E4}.Release|x86.ActiveCfg = Release|Any CPU
		{10C99378-E65C-4D5E-B01A-52C861F623E4}.Release|x86.Build.0 = Release|Any CPU
		{78985355-BC6E-4408-88D0-3639CCD01850}.Debug|Any CPU.ActiveCfg = Debug|Any CPU
		{78985355-BC6E-4408-88D0-3639CCD01850}.Debug|Any CPU.Build.0 = Debug|Any CPU
		{78985355-BC6E-4408-88D0-3639CCD01850}.Debug|x64.ActiveCfg = Debug|Any CPU
		{78985355-BC6E-4408-88D0-3639CCD01850}.Debug|x64.Build.0 = Debug|Any CPU
		{78985355-BC6E-4408-88D0-3639CCD01850}.Debug|x86.ActiveCfg = Debug|Any CPU
		{78985355-BC6E-4408-88D0-3639CCD01850}.Debug|x86.Build.0 = Debug|Any CPU
		{78985355-BC6E-4408-88D0-3639CCD01850}.Release|Any CPU.ActiveCfg = Release|Any CPU
		{78985355-BC6E-4408-88D0-3639CCD01850}.Release|Any CPU.Build.0 = Release|Any CPU
		{78985355-BC6E-4408-88D0-3639CCD01850}.Release|x64.ActiveCfg = Release|Any CPU
		{78985355-BC6E-4408-88D0-3639CCD01850}.Release|x64.Build.0 = Release|Any CPU
		{78985355-BC6E-4408-88D0-3639CCD01850}.Release|x86.ActiveCfg = Release|Any CPU
		{78985355-BC6E-4408-88D0-3639CCD01850}.Release|x86.Build.0 = Release|Any CPU
		{09346296-72C3-4BB1-AA67-A8CBA77C5A17}.Debug|Any CPU.ActiveCfg = Debug|Any CPU
		{09346296-72C3-4BB1-AA67-A8CBA77C5A17}.Debug|Any CPU.Build.0 = Debug|Any CPU
		{09346296-72C3-4BB1-AA67-A8CBA77C5A17}.Debug|x64.ActiveCfg = Debug|Any CPU
		{09346296-72C3-4BB1-AA67-A8CBA77C5A17}.Debug|x64.Build.0 = Debug|Any CPU
		{09346296-72C3-4BB1-AA67-A8CBA77C5A17}.Debug|x86.ActiveCfg = Debug|Any CPU
		{09346296-72C3-4BB1-AA67-A8CBA77C5A17}.Debug|x86.Build.0 = Debug|Any CPU
		{09346296-72C3-4BB1-AA67-A8CBA77C5A17}.Release|Any CPU.ActiveCfg = Release|Any CPU
		{09346296-72C3-4BB1-AA67-A8CBA77C5A17}.Release|Any CPU.Build.0 = Release|Any CPU
		{09346296-72C3-4BB1-AA67-A8CBA77C5A17}.Release|x64.ActiveCfg = Release|Any CPU
		{09346296-72C3-4BB1-AA67-A8CBA77C5A17}.Release|x64.Build.0 = Release|Any CPU
		{09346296-72C3-4BB1-AA67-A8CBA77C5A17}.Release|x86.ActiveCfg = Release|Any CPU
		{09346296-72C3-4BB1-AA67-A8CBA77C5A17}.Release|x86.Build.0 = Release|Any CPU
		{40A631DB-E678-4AE4-B45D-DEFEE3CCE11D}.Debug|Any CPU.ActiveCfg = Debug|Any CPU
		{40A631DB-E678-4AE4-B45D-DEFEE3CCE11D}.Debug|Any CPU.Build.0 = Debug|Any CPU
		{40A631DB-E678-4AE4-B45D-DEFEE3CCE11D}.Debug|x64.ActiveCfg = Debug|Any CPU
		{40A631DB-E678-4AE4-B45D-DEFEE3CCE11D}.Debug|x64.Build.0 = Debug|Any CPU
		{40A631DB-E678-4AE4-B45D-DEFEE3CCE11D}.Debug|x86.ActiveCfg = Debug|Any CPU
		{40A631DB-E678-4AE4-B45D-DEFEE3CCE11D}.Debug|x86.Build.0 = Debug|Any CPU
		{40A631DB-E678-4AE4-B45D-DEFEE3CCE11D}.Release|Any CPU.ActiveCfg = Release|Any CPU
		{40A631DB-E678-4AE4-B45D-DEFEE3CCE11D}.Release|Any CPU.Build.0 = Release|Any CPU
		{40A631DB-E678-4AE4-B45D-DEFEE3CCE11D}.Release|x64.ActiveCfg = Release|Any CPU
		{40A631DB-E678-4AE4-B45D-DEFEE3CCE11D}.Release|x64.Build.0 = Release|Any CPU
		{40A631DB-E678-4AE4-B45D-DEFEE3CCE11D}.Release|x86.ActiveCfg = Release|Any CPU
		{40A631DB-E678-4AE4-B45D-DEFEE3CCE11D}.Release|x86.Build.0 = Release|Any CPU
		{DB6E01F4-0C59-4D63-888A-F36C9223F6C6}.Debug|Any CPU.ActiveCfg = Debug|Any CPU
		{DB6E01F4-0C59-4D63-888A-F36C9223F6C6}.Debug|Any CPU.Build.0 = Debug|Any CPU
		{DB6E01F4-0C59-4D63-888A-F36C9223F6C6}.Debug|x64.ActiveCfg = Debug|Any CPU
		{DB6E01F4-0C59-4D63-888A-F36C9223F6C6}.Debug|x64.Build.0 = Debug|Any CPU
		{DB6E01F4-0C59-4D63-888A-F36C9223F6C6}.Debug|x86.ActiveCfg = Debug|Any CPU
		{DB6E01F4-0C59-4D63-888A-F36C9223F6C6}.Debug|x86.Build.0 = Debug|Any CPU
		{DB6E01F4-0C59-4D63-888A-F36C9223F6C6}.Release|Any CPU.ActiveCfg = Release|Any CPU
		{DB6E01F4-0C59-4D63-888A-F36C9223F6C6}.Release|Any CPU.Build.0 = Release|Any CPU
		{DB6E01F4-0C59-4D63-888A-F36C9223F6C6}.Release|x64.ActiveCfg = Release|Any CPU
		{DB6E01F4-0C59-4D63-888A-F36C9223F6C6}.Release|x64.Build.0 = Release|Any CPU
		{DB6E01F4-0C59-4D63-888A-F36C9223F6C6}.Release|x86.ActiveCfg = Release|Any CPU
		{DB6E01F4-0C59-4D63-888A-F36C9223F6C6}.Release|x86.Build.0 = Release|Any CPU
		{2ACC776F-D8D3-400D-9393-308C83AD6EA3}.Debug|Any CPU.ActiveCfg = Debug|Any CPU
		{2ACC776F-D8D3-400D-9393-308C83AD6EA3}.Debug|Any CPU.Build.0 = Debug|Any CPU
		{2ACC776F-D8D3-400D-9393-308C83AD6EA3}.Debug|x64.ActiveCfg = Debug|Any CPU
		{2ACC776F-D8D3-400D-9393-308C83AD6EA3}.Debug|x64.Build.0 = Debug|Any CPU
		{2ACC776F-D8D3-400D-9393-308C83AD6EA3}.Debug|x86.ActiveCfg = Debug|Any CPU
		{2ACC776F-D8D3-400D-9393-308C83AD6EA3}.Debug|x86.Build.0 = Debug|Any CPU
		{2ACC776F-D8D3-400D-9393-308C83AD6EA3}.Release|Any CPU.ActiveCfg = Release|Any CPU
		{2ACC776F-D8D3-400D-9393-308C83AD6EA3}.Release|Any CPU.Build.0 = Release|Any CPU
		{2ACC776F-D8D3-400D-9393-308C83AD6EA3}.Release|x64.ActiveCfg = Release|Any CPU
		{2ACC776F-D8D3-400D-9393-308C83AD6EA3}.Release|x64.Build.0 = Release|Any CPU
		{2ACC776F-D8D3-400D-9393-308C83AD6EA3}.Release|x86.ActiveCfg = Release|Any CPU
		{2ACC776F-D8D3-400D-9393-308C83AD6EA3}.Release|x86.Build.0 = Release|Any CPU
		{0DD5A9B8-EAA3-4602-B2B8-8540AED017BF}.Debug|Any CPU.ActiveCfg = Debug|Any CPU
		{0DD5A9B8-EAA3-4602-B2B8-8540AED017BF}.Debug|Any CPU.Build.0 = Debug|Any CPU
		{0DD5A9B8-EAA3-4602-B2B8-8540AED017BF}.Debug|x64.ActiveCfg = Debug|Any CPU
		{0DD5A9B8-EAA3-4602-B2B8-8540AED017BF}.Debug|x64.Build.0 = Debug|Any CPU
		{0DD5A9B8-EAA3-4602-B2B8-8540AED017BF}.Debug|x86.ActiveCfg = Debug|Any CPU
		{0DD5A9B8-EAA3-4602-B2B8-8540AED017BF}.Debug|x86.Build.0 = Debug|Any CPU
		{0DD5A9B8-EAA3-4602-B2B8-8540AED017BF}.Release|Any CPU.ActiveCfg = Release|Any CPU
		{0DD5A9B8-EAA3-4602-B2B8-8540AED017BF}.Release|Any CPU.Build.0 = Release|Any CPU
		{0DD5A9B8-EAA3-4602-B2B8-8540AED017BF}.Release|x64.ActiveCfg = Release|Any CPU
		{0DD5A9B8-EAA3-4602-B2B8-8540AED017BF}.Release|x64.Build.0 = Release|Any CPU
		{0DD5A9B8-EAA3-4602-B2B8-8540AED017BF}.Release|x86.ActiveCfg = Release|Any CPU
		{0DD5A9B8-EAA3-4602-B2B8-8540AED017BF}.Release|x86.Build.0 = Release|Any CPU
		{87BEF41F-EF3D-46F5-9539-124C66CCF107}.Debug|Any CPU.ActiveCfg = Debug|Any CPU
		{87BEF41F-EF3D-46F5-9539-124C66CCF107}.Debug|Any CPU.Build.0 = Debug|Any CPU
		{87BEF41F-EF3D-46F5-9539-124C66CCF107}.Debug|x64.ActiveCfg = Debug|Any CPU
		{87BEF41F-EF3D-46F5-9539-124C66CCF107}.Debug|x64.Build.0 = Debug|Any CPU
		{87BEF41F-EF3D-46F5-9539-124C66CCF107}.Debug|x86.ActiveCfg = Debug|Any CPU
		{87BEF41F-EF3D-46F5-9539-124C66CCF107}.Debug|x86.Build.0 = Debug|Any CPU
		{87BEF41F-EF3D-46F5-9539-124C66CCF107}.Release|Any CPU.ActiveCfg = Release|Any CPU
		{87BEF41F-EF3D-46F5-9539-124C66CCF107}.Release|Any CPU.Build.0 = Release|Any CPU
		{87BEF41F-EF3D-46F5-9539-124C66CCF107}.Release|x64.ActiveCfg = Release|Any CPU
		{87BEF41F-EF3D-46F5-9539-124C66CCF107}.Release|x64.Build.0 = Release|Any CPU
		{87BEF41F-EF3D-46F5-9539-124C66CCF107}.Release|x86.ActiveCfg = Release|Any CPU
		{87BEF41F-EF3D-46F5-9539-124C66CCF107}.Release|x86.Build.0 = Release|Any CPU
		{78823E44-FC98-4EAF-8F39-E4A94DA4AAFE}.Debug|Any CPU.ActiveCfg = Debug|Any CPU
		{78823E44-FC98-4EAF-8F39-E4A94DA4AAFE}.Debug|Any CPU.Build.0 = Debug|Any CPU
		{78823E44-FC98-4EAF-8F39-E4A94DA4AAFE}.Debug|x64.ActiveCfg = Debug|Any CPU
		{78823E44-FC98-4EAF-8F39-E4A94DA4AAFE}.Debug|x64.Build.0 = Debug|Any CPU
		{78823E44-FC98-4EAF-8F39-E4A94DA4AAFE}.Debug|x86.ActiveCfg = Debug|Any CPU
		{78823E44-FC98-4EAF-8F39-E4A94DA4AAFE}.Debug|x86.Build.0 = Debug|Any CPU
		{78823E44-FC98-4EAF-8F39-E4A94DA4AAFE}.Release|Any CPU.ActiveCfg = Release|Any CPU
		{78823E44-FC98-4EAF-8F39-E4A94DA4AAFE}.Release|Any CPU.Build.0 = Release|Any CPU
		{78823E44-FC98-4EAF-8F39-E4A94DA4AAFE}.Release|x64.ActiveCfg = Release|Any CPU
		{78823E44-FC98-4EAF-8F39-E4A94DA4AAFE}.Release|x64.Build.0 = Release|Any CPU
		{78823E44-FC98-4EAF-8F39-E4A94DA4AAFE}.Release|x86.ActiveCfg = Release|Any CPU
		{78823E44-FC98-4EAF-8F39-E4A94DA4AAFE}.Release|x86.Build.0 = Release|Any CPU
	EndGlobalSection
	GlobalSection(SolutionProperties) = preSolution
		HideSolutionNode = FALSE
	EndGlobalSection
	GlobalSection(NestedProjects) = preSolution
		{A5B00FE8-70D0-4C32-9FF9-686A386B89F3} = {38278926-B381-4580-8033-70BE859F5481}
		{9C5E2578-5743-41AF-89C8-C5FB1CE05905} = {B5C671C4-3FC1-4A69-BD77-0AAA5F37C7A9}
		{3C27100D-922C-4B1F-BF3B-E570868BE68B} = {38278926-B381-4580-8033-70BE859F5481}
		{A6C37EA1-AAE8-4112-8526-BBACE0D756E7} = {38278926-B381-4580-8033-70BE859F5481}
		{86F5B8A7-3454-403D-BF33-650DC8E4AB30} = {CAA07545-6019-40E2-9B91-C452BA7C626B}
		{10C99378-E65C-4D5E-B01A-52C861F623E4} = {CAA07545-6019-40E2-9B91-C452BA7C626B}
		{78985355-BC6E-4408-88D0-3639CCD01850} = {B5C671C4-3FC1-4A69-BD77-0AAA5F37C7A9}
		{09346296-72C3-4BB1-AA67-A8CBA77C5A17} = {3D5B82CF-0D59-4E8C-B16B-FB6E4D1034B9}
		{40A631DB-E678-4AE4-B45D-DEFEE3CCE11D} = {3D5B82CF-0D59-4E8C-B16B-FB6E4D1034B9}
		{DB6E01F4-0C59-4D63-888A-F36C9223F6C6} = {3D5B82CF-0D59-4E8C-B16B-FB6E4D1034B9}
		{2ACC776F-D8D3-400D-9393-308C83AD6EA3} = {3D5B82CF-0D59-4E8C-B16B-FB6E4D1034B9}
		{0DD5A9B8-EAA3-4602-B2B8-8540AED017BF} = {3D5B82CF-0D59-4E8C-B16B-FB6E4D1034B9}
		{87BEF41F-EF3D-46F5-9539-124C66CCF107} = {3D5B82CF-0D59-4E8C-B16B-FB6E4D1034B9}
		{78823E44-FC98-4EAF-8F39-E4A94DA4AAFE} = {3D5B82CF-0D59-4E8C-B16B-FB6E4D1034B9}
	EndGlobalSection
	GlobalSection(ExtensibilityGlobals) = postSolution
		SolutionGuid = {BE7279B2-ACCA-439E-AE76-42519D5F459D}
	EndGlobalSection
EndGlobal
