
Microsoft Visual Studio Solution File, Format Version 12.00
# Visual Studio Version 16
VisualStudioVersion = 16.0.31729.503
MinimumVisualStudioVersion = 10.0.40219.1
Project("{9A19103F-16F7-4668-BE54-9A1E7A4F7556}") = "OpenAL.Net", "OpenAL.Net.csproj", "{FA11B6EC-2BEE-4071-A1F8-4407E6E88D4A}"
EndProject
Project("{FAE04EC0-301F-11D3-BF4B-00C04F79EFBC}") = "EchoApp", "..\EchoApp\EchoApp.csproj", "{15EFC648-B968-475F-8459-D3BA29146F0E}"
EndProject
Global
	GlobalSection(SolutionConfigurationPlatforms) = preSolution
		Debug|Any CPU = Debug|Any CPU
		Release|Any CPU = Release|Any CPU
	EndGlobalSection
	GlobalSection(ProjectConfigurationPlatforms) = postSolution
		{FA11B6EC-2BEE-4071-A1F8-4407E6E88D4A}.Debug|Any CPU.ActiveCfg = Debug|Any CPU
		{FA11B6EC-2BEE-4071-A1F8-4407E6E88D4A}.Debug|Any CPU.Build.0 = Debug|Any CPU
		{FA11B6EC-2BEE-4071-A1F8-4407E6E88D4A}.Release|Any CPU.ActiveCfg = Release|Any CPU
		{FA11B6EC-2BEE-4071-A1F8-4407E6E88D4A}.Release|Any CPU.Build.0 = Release|Any CPU
		{15EFC648-B968-475F-8459-D3BA29146F0E}.Debug|Any CPU.ActiveCfg = Debug|Any CPU
		{15EFC648-B968-475F-8459-D3BA29146F0E}.Debug|Any CPU.Build.0 = Debug|Any CPU
		{15EFC648-B968-475F-8459-D3BA29146F0E}.Release|Any CPU.ActiveCfg = Release|Any CPU
		{15EFC648-B968-475F-8459-D3BA29146F0E}.Release|Any CPU.Build.0 = Release|Any CPU
	EndGlobalSection
	GlobalSection(SolutionProperties) = preSolution
		HideSolutionNode = FALSE
	EndGlobalSection
	GlobalSection(ExtensibilityGlobals) = postSolution
		SolutionGuid = {1F8F7456-373A-4614-940D-7C867F0A855D}
	EndGlobalSection
EndGlobal
